<?xml version="1.0" encoding="utf-8"?>
<Project ToolsVersion="4.0" xmlns="http://schemas.microsoft.com/developer/msbuild/2003">
  <ItemGroup>
    <Filter Include="Source Files">
      <UniqueIdentifier>{4FC737F1-C7A5-4376-A066-2A32D752A2FF}</UniqueIdentifier>
      <Extensions>cpp;c;cc;cxx;def;odl;idl;hpj;bat;asm;asmx</Extensions>
    </Filter>
    <Filter Include="Header Files">
      <UniqueIdentifier>{93995380-89BD-4b04-88EB-625FBE52EBFB}</UniqueIdentifier>
      <Extensions>h;hpp;hxx;hm;inl;inc;xsd</Extensions>
    </Filter>
    <Filter Include="Resource Files">
      <UniqueIdentifier>{67DA6AB6-F800-4c08-8B7A-83BB121AAD01}</UniqueIdentifier>
      <Extensions>rc;ico;cur;bmp;dlg;rc2;rct;bin;rgs;gif;jpg;jpeg;jpe;resx;tiff;tif;png;wav;mfcribbon-ms</Extensions>
    </Filter>
  </ItemGroup>
  <ItemGroup>
    <Text Include="ReadMe.txt" />
  </ItemGroup>
  <ItemGroup>
    <ClInclude Include="pfw\include\Cache.h">
      <Filter>Header Files</Filter>
    </ClInclude>
    <ClInclude Include="pfw\include\ICache.h">
      <Filter>Header Files</Filter>
    </ClInclude>
    <ClInclude Include="pfw\include\ObjectIdentification.h">
      <Filter>Header Files</Filter>
    </ClInclude>
    <ClInclude Include="pfw\include\PFWBroker.h">
      <Filter>Header Files</Filter>
    </ClInclude>
    <ClInclude Include="pfw\include\PFWFileBroker.h">
      <Filter>Header Files</Filter>
    </ClInclude>
    <ClInclude Include="pfw\include\PFWXmlBroker.h">
      <Filter>Header Files</Filter>
    </ClInclude>
    <ClInclude Include="pfw\include\Sorting.h">
      <Filter>Header Files</Filter>
    </ClInclude>
    <ClInclude Include="pfw\include\TestEquipmentBroker.h">
      <Filter>Header Files</Filter>
    </ClInclude>
    <ClInclude Include="pfw\include\TestEquipmentCsvBroker.h">
      <Filter>Header Files</Filter>
    </ClInclude>
    <ClInclude Include="pfw\include\VirtualProxy.h">
      <Filter>Header Files</Filter>
    </ClInclude>
    <ClInclude Include="include\DataPacket.h">
      <Filter>Header Files</Filter>
    </ClInclude>
    <ClInclude Include="include\CCSDS_struct.h">
      <Filter>Header Files</Filter>
    </ClInclude>
    <ClInclude Include="include\DataNaming.h">
      <Filter>Header Files</Filter>
    </ClInclude>
    <ClInclude Include="include\Singleton.h">
      <Filter>Header Files</Filter>
    </ClInclude>
    <ClInclude Include="include\Time.h">
      <Filter>Header Files</Filter>
    </ClInclude>
    <ClInclude Include="stdafx.h">
      <Filter>Header Files</Filter>
    </ClInclude>
    <ClInclude Include="targetver.h">
      <Filter>Header Files</Filter>
    </ClInclude>
  </ItemGroup>
  <ItemGroup>
    <ClCompile Include="pfw\source\ICache.cpp">
      <Filter>Source Files</Filter>
    </ClCompile>
    <ClCompile Include="pfw\source\PFWBroker.cpp">
      <Filter>Source Files</Filter>
    </ClCompile>
    <ClCompile Include="pfw\source\PFWFileBroker.cpp">
      <Filter>Source Files</Filter>
    </ClCompile>
    <ClCompile Include="pfw\source\PFWXmlBroker.cpp">
      <Filter>Source Files</Filter>
    </ClCompile>
    <ClCompile Include="pfw\source\Sorting.cpp">
      <Filter>Source Files</Filter>
    </ClCompile>
    <ClCompile Include="pfw\source\TestEquipmentBroker.cpp">
      <Filter>Source Files</Filter>
    </ClCompile>
    <ClCompile Include="pfw\source\TestEquipmentCsvBroker.cpp">
      <Filter>Source Files</Filter>
    </ClCompile>
    <ClCompile Include="source\CCSDS_struct.cpp">
      <Filter>Source Files</Filter>
    </ClCompile>
    <ClCompile Include="source\DataNaming.cpp">
      <Filter>Source Files</Filter>
    </ClCompile>
    <ClCompile Include="source\DataPacket.cpp">
      <Filter>Source Files</Filter>
    </ClCompile>
    <ClCompile Include="source\NGSysTeDll.cpp">
      <Filter>Source Files</Filter>
    </ClCompile>
    <ClCompile Include="source\Time.cpp">
      <Filter>Source Files</Filter>
    </ClCompile>
    <ClCompile Include="stdafx.cpp">
      <Filter>Source Files</Filter>
    </ClCompile>
    <ClCompile Include="dllmain.cpp">
      <Filter>Source Files</Filter>
    </ClCompile>
  </ItemGroup>
</Project>